{
    "_readme": [
        "This file locks the dependencies of your project to a known state",
        "Read more about it at https://getcomposer.org/doc/01-basic-usage.md#installing-dependencies",
        "This file is @generated automatically"
    ],
    "content-hash": "01347f9bcd2e0a79f4ffe5582cf5a3dc",
    "packages": [
        {
            "name": "spiral/goridge",
            "version": "v3.2.0",
            "source": {
                "type": "git",
                "url": "https://github.com/spiral/goridge-php.git",
                "reference": "3d8e97d7d1cc26b6130d233177b23ecb3c7d4efb"
            },
            "dist": {
                "type": "zip",
                "url": "https://api.github.com/repos/spiral/goridge-php/zipball/3d8e97d7d1cc26b6130d233177b23ecb3c7d4efb",
                "reference": "3d8e97d7d1cc26b6130d233177b23ecb3c7d4efb",
                "shasum": ""
            },
            "require": {
                "ext-json": "*",
                "ext-sockets": "*",
                "php": ">=7.4",
                "symfony/polyfill-php80": "^1.22"
            },
            "require-dev": {
                "google/protobuf": "^3.17",
                "infection/infection": "^0.26.1",
                "jetbrains/phpstorm-attributes": "^1.0",
                "phpunit/phpunit": "^9.5",
                "rybakit/msgpack": "^0.7",
                "vimeo/psalm": "^4.18.1"
            },
            "suggest": {
                "ext-msgpack": "MessagePack codec support",
                "ext-protobuf": "Protobuf codec support",
                "google/protobuf": "(^3.0) Protobuf codec support",
                "rybakit/msgpack": "(^0.7) MessagePack codec support"
            },
            "type": "goridge",
            "extra": {
                "branch-alias": {
                    "dev-master": "3.3.x-dev"
                }
            },
            "autoload": {
                "psr-4": {
                    "Spiral\\Goridge\\": "src"
                }
            },
            "notification-url": "https://packagist.org/downloads/",
            "license": [
                "MIT"
            ],
            "authors": [
                {
                    "name": "Anton Titov / Wolfy-J",
                    "email": "wolfy.jd@gmail.com"
                }
            ],
            "description": "High-performance PHP-to-Golang RPC bridge",
            "support": {
                "issues": "https://github.com/spiral/goridge-php/issues",
                "source": "https://github.com/spiral/goridge-php/tree/v3.2.0"
            },
            "time": "2022-03-21T20:32:19+00:00"
        },
        {
            "name": "symfony/polyfill-php80",
            "version": "v1.27.0",
            "source": {
                "type": "git",
                "url": "https://github.com/symfony/polyfill-php80.git",
                "reference": "7a6ff3f1959bb01aefccb463a0f2cd3d3d2fd936"
            },
            "dist": {
                "type": "zip",
                "url": "https://api.github.com/repos/symfony/polyfill-php80/zipball/7a6ff3f1959bb01aefccb463a0f2cd3d3d2fd936",
                "reference": "7a6ff3f1959bb01aefccb463a0f2cd3d3d2fd936",
                "shasum": ""
            },
            "require": {
                "php": ">=7.1"
            },
            "type": "library",
            "extra": {
                "branch-alias": {
                    "dev-main": "1.27-dev"
                },
                "thanks": {
                    "name": "symfony/polyfill",
                    "url": "https://github.com/symfony/polyfill"
                }
            },
            "autoload": {
                "files": [
                    "bootstrap.php"
                ],
                "psr-4": {
                    "Symfony\\Polyfill\\Php80\\": ""
                },
                "classmap": [
                    "Resources/stubs"
                ]
            },
            "notification-url": "https://packagist.org/downloads/",
            "license": [
                "MIT"
            ],
            "authors": [
                {
                    "name": "Ion Bazan",
                    "email": "ion.bazan@gmail.com"
                },
                {
                    "name": "Nicolas Grekas",
                    "email": "p@tchwork.com"
                },
                {
                    "name": "Symfony Community",
                    "homepage": "https://symfony.com/contributors"
                }
            ],
            "description": "Symfony polyfill backporting some PHP 8.0+ features to lower PHP versions",
            "homepage": "https://symfony.com",
            "keywords": [
                "compatibility",
                "polyfill",
                "portable",
                "shim"
            ],
            "support": {
                "source": "https://github.com/symfony/polyfill-php80/tree/v1.27.0"
            },
            "funding": [
                {
                    "url": "https://symfony.com/sponsor",
                    "type": "custom"
                },
                {
                    "url": "https://github.com/fabpot",
                    "type": "github"
                },
                {
                    "url": "https://tidelift.com/funding/github/packagist/symfony/symfony",
                    "type": "tidelift"
                }
            ],
            "time": "2022-11-03T14:55:06+00:00"
        }
    ],
    "packages-dev": [],
    "aliases": [],
    "minimum-stability": "stable",
    "stability-flags": [],
    "prefer-stable": false,
    "prefer-lowest": false,
    "platform": [],
    "platform-dev": [],
    "plugin-api-version": "2.3.0"
}
