{
    "_readme": [
        "This file locks the dependencies of your project to a known state",
        "Read more about it at https://getcomposer.org/doc/01-basic-usage.md#installing-dependencies",
        "This file is @generated automatically"
    ],
    "content-hash": "bc305d74c8fd505987b069cf59894b45",
    "packages": [
        {
            "name": "spiral/goridge",
            "version": "4.2.1",
            "source": {
                "type": "git",
                "url": "https://github.com/roadrunner-php/goridge.git",
                "reference": "2a372118dac1f0c0511e2862f963ce649fefd9fa"
            },
            "dist": {
                "type": "zip",
                "url": "https://api.github.com/repos/roadrunner-php/goridge/zipball/2a372118dac1f0c0511e2862f963ce649fefd9fa",
                "reference": "2a372118dac1f0c0511e2862f963ce649fefd9fa",
                "shasum": ""
            },
            "require": {
                "ext-json": "*",
                "ext-sockets": "*",
                "php": ">=8.1",
                "spiral/roadrunner": "^2023 || ^2024.1 || ^2025.1"
            },
            "require-dev": {
                "google/protobuf": "^3.22 || ^4.0",
                "infection/infection": "^0.29.0",
                "jetbrains/phpstorm-attributes": "^1.0",
                "phpunit/phpunit": "^10.5.45",
                "rybakit/msgpack": "^0.7",
                "spiral/code-style": "*",
                "vimeo/psalm": "^6.0"
            },
            "suggest": {
                "ext-msgpack": "MessagePack codec support",
                "ext-protobuf": "Protobuf codec support",
                "google/protobuf": "(^3.0) Protobuf codec support",
                "rybakit/msgpack": "(^0.7) MessagePack codec support"
            },
            "type": "goridge",
            "autoload": {
                "psr-4": {
                    "Spiral\\Goridge\\": "src"
                }
            },
            "notification-url": "https://packagist.org/downloads/",
            "license": [
                "MIT"
            ],
            "authors": [
                {
                    "name": "Anton Titov (wolfy-j)",
                    "email": "wolfy-j@spiralscout.com"
                },
                {
                    "name": "Valery Piashchynski",
                    "homepage": "https://github.com/rustatian"
                },
                {
                    "name": "Aleksei Gagarin (roxblnfk)",
                    "homepage": "https://github.com/roxblnfk"
                },
                {
                    "name": "Pavel Buchnev (butschster)",
                    "email": "pavel.buchnev@spiralscout.com"
                },
                {
                    "name": "Maksim Smakouz (msmakouz)",
                    "email": "maksim.smakouz@spiralscout.com"
                },
                {
                    "name": "RoadRunner Community",
                    "homepage": "https://github.com/roadrunner-server/roadrunner/graphs/contributors"
                }
            ],
            "description": "High-performance PHP-to-Golang RPC bridge",
            "homepage": "https://spiral.dev/",
            "support": {
                "chat": "https://discord.gg/V6EK4he",
                "docs": "https://docs.roadrunner.dev",
                "issues": "https://github.com/roadrunner-server/roadrunner/issues",
                "source": "https://github.com/roadrunner-php/goridge/tree/4.2.1"
            },
            "funding": [
                {
                    "url": "https://github.com/sponsors/roadrunner-server",
                    "type": "github"
                }
            ],
            "time": "2025-05-05T13:55:33+00:00"
        },
        {
            "name": "spiral/roadrunner",
            "version": "v2025.1.8",
            "source": {
                "type": "git",
                "url": "https://github.com/roadrunner-server/roadrunner.git",
                "reference": "e3b05713e8d65ad4d5104d839890cc4892d63b2d"
            },
            "dist": {
                "type": "zip",
                "url": "https://api.github.com/repos/roadrunner-server/roadrunner/zipball/e3b05713e8d65ad4d5104d839890cc4892d63b2d",
                "reference": "e3b05713e8d65ad4d5104d839890cc4892d63b2d",
                "shasum": ""
            },
            "type": "metapackage",
            "notification-url": "https://packagist.org/downloads/",
            "license": [
                "MIT"
            ],
            "authors": [
                {
                    "name": "Anton Titov / Wolfy-J",
                    "email": "wolfy.jd@gmail.com"
                },
                {
                    "name": "Valery Piashchynski",
                    "homepage": "https://github.com/rustatian"
                },
                {
                    "name": "RoadRunner Community",
                    "homepage": "https://github.com/roadrunner-server/roadrunner/graphs/contributors"
                }
            ],
            "description": "RoadRunner: High-performance PHP application server and process manager written in Go and powered with plugins",
            "homepage": "https://roadrunner.dev/",
            "support": {
                "chat": "https://discord.gg/V6EK4he",
                "docs": "https://docs.roadrunner.dev/",
                "issues": "https://github.com/roadrunner-server/roadrunner/issues",
                "source": "https://github.com/roadrunner-server/roadrunner/tree/v2025.1.8"
            },
            "funding": [
                {
                    "url": "https://github.com/sponsors/roadrunner-server",
                    "type": "github"
                }
            ],
            "time": "2026-02-19T14:32:44+00:00"
        }
    ],
    "packages-dev": [],
    "aliases": [],
    "minimum-stability": "stable",
    "stability-flags": {},
    "prefer-stable": false,
    "prefer-lowest": false,
    "platform": {},
    "platform-dev": {},
    "plugin-api-version": "2.9.0"
}
