{
    "_readme": [
        "This file locks the dependencies of your project to a known state",
        "Read more about it at https://getcomposer.org/doc/01-basic-usage.md#installing-dependencies",
        "This file is @generated automatically"
    ],
    "content-hash": "01347f9bcd2e0a79f4ffe5582cf5a3dc",
    "packages": [
        {
            "name": "spiral/goridge",
            "version": "v3.2.1",
            "source": {
                "type": "git",
                "url": "https://github.com/roadrunner-php/goridge.git",
                "reference": "af388883ffc08f362d6f99e1eb30a063e3fd7ad7"
            },
            "dist": {
                "type": "zip",
                "url": "https://api.github.com/repos/roadrunner-php/goridge/zipball/af388883ffc08f362d6f99e1eb30a063e3fd7ad7",
                "reference": "af388883ffc08f362d6f99e1eb30a063e3fd7ad7",
                "shasum": ""
            },
            "require": {
                "ext-json": "*",
                "ext-sockets": "*",
                "php": ">=7.4",
                "symfony/polyfill-php80": "^1.22"
            },
            "require-dev": {
                "google/protobuf": "^3.17",
                "infection/infection": "^0.26.1",
                "jetbrains/phpstorm-attributes": "^1.0",
                "phpunit/phpunit": "^9.5",
                "rybakit/msgpack": "^0.7",
                "vimeo/psalm": "^4.18.1"
            },
            "suggest": {
                "ext-msgpack": "MessagePack codec support",
                "ext-protobuf": "Protobuf codec support",
                "google/protobuf": "(^3.0) Protobuf codec support",
                "rybakit/msgpack": "(^0.7) MessagePack codec support"
            },
            "type": "goridge",
            "autoload": {
                "psr-4": {
                    "Spiral\\Goridge\\": "src"
                }
            },
            "notification-url": "https://packagist.org/downloads/",
            "license": [
                "MIT"
            ],
            "authors": [
                {
                    "name": "Anton Titov / Wolfy-J",
                    "email": "wolfy.jd@gmail.com"
                }
            ],
            "description": "High-performance PHP-to-Golang RPC bridge",
            "support": {
                "source": "https://github.com/roadrunner-php/goridge/tree/v3.2.1"
            },
            "funding": [
                {
                    "url": "https://github.com/roadrunner-server",
                    "type": "github"
                }
            ],
            "time": "2024-06-27T08:01:49+00:00"
        },
        {
            "name": "symfony/polyfill-php80",
            "version": "v1.33.0",
            "source": {
                "type": "git",
                "url": "https://github.com/symfony/polyfill-php80.git",
                "reference": "0cc9dd0f17f61d8131e7df6b84bd344899fe2608"
            },
            "dist": {
                "type": "zip",
                "url": "https://api.github.com/repos/symfony/polyfill-php80/zipball/0cc9dd0f17f61d8131e7df6b84bd344899fe2608",
                "reference": "0cc9dd0f17f61d8131e7df6b84bd344899fe2608",
                "shasum": ""
            },
            "require": {
                "php": ">=7.2"
            },
            "type": "library",
            "extra": {
                "thanks": {
                    "url": "https://github.com/symfony/polyfill",
                    "name": "symfony/polyfill"
                }
            },
            "autoload": {
                "files": [
                    "bootstrap.php"
                ],
                "psr-4": {
                    "Symfony\\Polyfill\\Php80\\": ""
                },
                "classmap": [
                    "Resources/stubs"
                ]
            },
            "notification-url": "https://packagist.org/downloads/",
            "license": [
                "MIT"
            ],
            "authors": [
                {
                    "name": "Ion Bazan",
                    "email": "ion.bazan@gmail.com"
                },
                {
                    "name": "Nicolas Grekas",
                    "email": "p@tchwork.com"
                },
                {
                    "name": "Symfony Community",
                    "homepage": "https://symfony.com/contributors"
                }
            ],
            "description": "Symfony polyfill backporting some PHP 8.0+ features to lower PHP versions",
            "homepage": "https://symfony.com",
            "keywords": [
                "compatibility",
                "polyfill",
                "portable",
                "shim"
            ],
            "support": {
                "source": "https://github.com/symfony/polyfill-php80/tree/v1.33.0"
            },
            "funding": [
                {
                    "url": "https://symfony.com/sponsor",
                    "type": "custom"
                },
                {
                    "url": "https://github.com/fabpot",
                    "type": "github"
                },
                {
                    "url": "https://github.com/nicolas-grekas",
                    "type": "github"
                },
                {
                    "url": "https://tidelift.com/funding/github/packagist/symfony/symfony",
                    "type": "tidelift"
                }
            ],
            "time": "2025-01-02T08:10:11+00:00"
        }
    ],
    "packages-dev": [],
    "aliases": [],
    "minimum-stability": "stable",
    "stability-flags": {},
    "prefer-stable": false,
    "prefer-lowest": false,
    "platform": {},
    "platform-dev": {},
    "plugin-api-version": "2.9.0"
}
